
Microsoft Visual Studio Solution File, Format Version 12.00
# Visual Studio Version 17
VisualStudioVersion = 17.9.34728.123
MinimumVisualStudioVersion = 10.0.40219.1
Project("{9A19103F-16F7-4668-BE54-9A1E7A4F7556}") = "Api Core", "Api Core\Api Core.csproj", "{E196716E-8866-4E95-933B-316F5B41ECAB}"
EndProject
Global
	GlobalSection(SolutionConfigurationPlatforms) = preSolution
		Debug|Any CPU = Debug|Any CPU
		Release|Any CPU = Release|Any CPU
	EndGlobalSection
	GlobalSection(ProjectConfigurationPlatforms) = postSolution
		{E196716E-8866-4E95-933B-316F5B41ECAB}.Debug|Any CPU.ActiveCfg = Debug|Any CPU
		{E196716E-8866-4E95-933B-316F5B41ECAB}.Debug|Any CPU.Build.0 = Debug|Any CPU
		{E196716E-8866-4E95-933B-316F5B41ECAB}.Release|Any CPU.ActiveCfg = Release|Any CPU
		{E196716E-8866-4E95-933B-316F5B41ECAB}.Release|Any CPU.Build.0 = Release|Any CPU
	EndGlobalSection
	GlobalSection(SolutionProperties) = preSolution
		HideSolutionNode = FALSE
	EndGlobalSection
	GlobalSection(ExtensibilityGlobals) = postSolution
		SolutionGuid = {B15B9509-F3C0-458F-92B9-460DA238741B}
	EndGlobalSection
EndGlobal
